{
  "name": "solidjs-select",
  "requires": true,
  "lockfileVersion": 1,
  "dependencies": {
    "solidjs-virtualisation": {
      "version": "0.0.21",
      "resolved": "https://registry.npmjs.org/solidjs-virtualisation/-/solidjs-virtualisation-0.0.21.tgz",
      "integrity": "sha512-vSilzOMdvnWqrF41yuxpdC65jCNL81kBUMCqNmrdHOicnSsZiK7pxq+WdnzSuwr/irKtcTp3b9ibOpmG0+6EEw=="
    }
  }
}
